{
	"name": "skoruba-identity-server-4-admin",
	"version": "1.0.0",
	"lockfileVersion": 1,
	"requires": true,
	"dependencies": {
		"bootstrap": {
			"version": "4.0.0",
			"resolved": "https://registry.npmjs.org/bootstrap/-/bootstrap-4.0.0.tgz",
			"integrity": "sha512-gulJE5dGFo6Q61V/whS6VM4WIyrlydXfCgkE+Gxe5hjrJ8rXLLZlALq7zq2RPhOc45PSwQpJkrTnc2KgD6cvmA=="
		},
		"eonasdan-bootstrap-datetimepicker": {
			"version": "4.17.45",
			"resolved": "https://registry.npmjs.org/eonasdan-bootstrap-datetimepicker/-/eonasdan-bootstrap-datetimepicker-4.17.45.tgz",
			"integrity": "sha1-3vfhQjyfKUOp+L8pJcYa8DAHl3M=",
			"requires": {
				"bootstrap": "3.3.7",
				"jquery": "2.2.4",
				"moment": "2.20.1",
				"moment-timezone": "0.4.1"
			},
			"dependencies": {
				"bootstrap": {
					"version": "3.3.7",
					"resolved": "https://registry.npmjs.org/bootstrap/-/bootstrap-3.3.7.tgz",
					"integrity": "sha1-WjiTlFSfIzMIdaOxUGVldPip63E="
				},
				"jquery": {
					"version": "2.2.4",
					"resolved": "https://registry.npmjs.org/jquery/-/jquery-2.2.4.tgz",
					"integrity": "sha1-LInWiJterFIqfuoywUUhVZxsvwI="
				}
			}
		},
		"escape-html": {
			"version": "1.0.3",
			"resolved": "https://registry.npmjs.org/escape-html/-/escape-html-1.0.3.tgz",
			"integrity": "sha1-Aljq5NPQwJdN4cFpGI7wBR0dGYg="
		},
		"holderjs": {
			"version": "2.9.4",
			"resolved": "https://registry.npmjs.org/holderjs/-/holderjs-2.9.4.tgz",
			"integrity": "sha1-oWXbwlMuv/l1SRMSJZ0MUgwFmJg=",
			"requires": {
				"shaven": "0.8.1"
			}
		},
		"jquery": {
			"version": "3.2.1",
			"resolved": "https://registry.npmjs.org/jquery/-/jquery-3.2.1.tgz",
			"integrity": "sha1-XE2d5lKvbNCncBVKYxu6ErAVx4c="
		},
		"jquery-validation": {
			"version": "1.14.0",
			"resolved": "https://registry.npmjs.org/jquery-validation/-/jquery-validation-1.14.0.tgz",
			"integrity": "sha1-uMBMnaGSkvwz4twFm2JMWTcVsjo="
		},
		"jquery-validation-unobtrusive": {
			"version": "3.2.6",
			"resolved": "https://registry.npmjs.org/jquery-validation-unobtrusive/-/jquery-validation-unobtrusive-3.2.6.tgz",
			"integrity": "sha1-D4dnxUYuMLSldD0SRh6AV9p1cuU=",
			"requires": {
				"jquery": "3.2.1",
				"jquery-validation": "1.14.0"
			}
		},
		"knockout": {
			"version": "3.4.2",
			"resolved": "https://registry.npmjs.org/knockout/-/knockout-3.4.2.tgz",
			"integrity": "sha1-6HlY3netHpNvfOZFuri118RW2Tc="
		},
		"moment": {
			"version": "2.20.1",
			"resolved": "https://registry.npmjs.org/moment/-/moment-2.20.1.tgz",
			"integrity": "sha512-Yh9y73JRljxW5QxN08Fner68eFLxM5ynNOAw2LbIB1YAGeQzZT8QFSUvkAz609Zf+IHhhaUxqZK8dG3W/+HEvg=="
		},
		"moment-timezone": {
			"version": "0.4.1",
			"resolved": "https://registry.npmjs.org/moment-timezone/-/moment-timezone-0.4.1.tgz",
			"integrity": "sha1-gfWYw61eIs2teWtn7NjYjQ9bqgY=",
			"requires": {
				"moment": "2.20.1"
			}
		},
		"open-iconic": {
			"version": "1.1.1",
			"resolved": "https://registry.npmjs.org/open-iconic/-/open-iconic-1.1.1.tgz",
			"integrity": "sha1-nc/Ix808Yc20ojaxo0eJTJetwMY="
		},
		"popper.js": {
			"version": "1.12.9",
			"resolved": "https://registry.npmjs.org/popper.js/-/popper.js-1.12.9.tgz",
			"integrity": "sha1-DfvC3/lsRRuzMu3Pz6r1ZtMx1bM="
		},
		"shaven": {
			"version": "0.8.1",
			"resolved": "https://registry.npmjs.org/shaven/-/shaven-0.8.1.tgz",
			"integrity": "sha1-D0LU+zLEBINJ/57pwpb17/styq8=",
			"requires": {
				"escape-html": "1.0.3"
			}
		},
		"toastr": {
			"version": "2.1.4",
			"resolved": "https://registry.npmjs.org/toastr/-/toastr-2.1.4.tgz",
			"integrity": "sha1-i0O+ZPudDEFIcURvLbjoyk6V8YE=",
			"requires": {
				"jquery": "3.2.1"
			}
		}
	}
}
