
Microsoft Visual Studio Solution File, Format Version 12.00
# Visual Studio 15
VisualStudioVersion = 15.0.27130.2010
MinimumVisualStudioVersion = 10.0.40219.1
Project("{2150E333-8FDC-42A3-9474-1A3956D46DE8}") = "src", "src", "{588205D4-3A30-4DA4-849D-C7422C396DAA}"
EndProject
Project("{2150E333-8FDC-42A3-9474-1A3956D46DE8}") = "tests", "tests", "{0BC0CC4E-A0F1-45E8-B41A-AE0FA76BF3E5}"
EndProject
Project("{9A19103F-16F7-4668-BE54-9A1E7A4F7556}") = "Skoruba.IdentityServer4.Admin", "Skoruba.IdentityServer4.Admin\Skoruba.IdentityServer4.Admin.csproj", "{E3713598-3375-4E81-9EC7-58DC090789BD}"
EndProject
Project("{9A19103F-16F7-4668-BE54-9A1E7A4F7556}") = "Skoruba.IdentityServer4.Admin.IntegrationTests", "Skoruba.IdentityServer4.Admin.IntegrationTests\Skoruba.IdentityServer4.Admin.IntegrationTests.csproj", "{BFF10ECC-B02A-4660-A82B-AADFDE0C0EBF}"
EndProject
Project("{9A19103F-16F7-4668-BE54-9A1E7A4F7556}") = "Skoruba.IdentityServer4.Admin.UnitTests", "Skoruba.IdentityServer4.Admin.UnitTests\Skoruba.IdentityServer4.Admin.UnitTests.csproj", "{92405E00-759C-4A20-A736-E21E7EF771C2}"
EndProject
Project("{2150E333-8FDC-42A3-9474-1A3956D46DE8}") = "host", "host", "{63D44665-AC4C-45F4-A2C7-A7DB394F44C4}"
EndProject
Project("{FAE04EC0-301F-11D3-BF4B-00C04F79EFBC}") = "Skoruba.IdentityServer4", "Skoruba.IdentityServer4\Skoruba.IdentityServer4.csproj", "{26112C1E-A965-410B-A86F-B236155A4F21}"
EndProject
Global
	GlobalSection(SolutionConfigurationPlatforms) = preSolution
		Debug|Any CPU = Debug|Any CPU
		Release|Any CPU = Release|Any CPU
	EndGlobalSection
	GlobalSection(ProjectConfigurationPlatforms) = postSolution
		{E3713598-3375-4E81-9EC7-58DC090789BD}.Debug|Any CPU.ActiveCfg = Debug|Any CPU
		{E3713598-3375-4E81-9EC7-58DC090789BD}.Debug|Any CPU.Build.0 = Debug|Any CPU
		{E3713598-3375-4E81-9EC7-58DC090789BD}.Release|Any CPU.ActiveCfg = Release|Any CPU
		{E3713598-3375-4E81-9EC7-58DC090789BD}.Release|Any CPU.Build.0 = Release|Any CPU
		{BFF10ECC-B02A-4660-A82B-AADFDE0C0EBF}.Debug|Any CPU.ActiveCfg = Debug|Any CPU
		{BFF10ECC-B02A-4660-A82B-AADFDE0C0EBF}.Debug|Any CPU.Build.0 = Debug|Any CPU
		{BFF10ECC-B02A-4660-A82B-AADFDE0C0EBF}.Release|Any CPU.ActiveCfg = Release|Any CPU
		{BFF10ECC-B02A-4660-A82B-AADFDE0C0EBF}.Release|Any CPU.Build.0 = Release|Any CPU
		{92405E00-759C-4A20-A736-E21E7EF771C2}.Debug|Any CPU.ActiveCfg = Debug|Any CPU
		{92405E00-759C-4A20-A736-E21E7EF771C2}.Debug|Any CPU.Build.0 = Debug|Any CPU
		{92405E00-759C-4A20-A736-E21E7EF771C2}.Release|Any CPU.ActiveCfg = Release|Any CPU
		{92405E00-759C-4A20-A736-E21E7EF771C2}.Release|Any CPU.Build.0 = Release|Any CPU
		{26112C1E-A965-410B-A86F-B236155A4F21}.Debug|Any CPU.ActiveCfg = Debug|Any CPU
		{26112C1E-A965-410B-A86F-B236155A4F21}.Debug|Any CPU.Build.0 = Debug|Any CPU
		{26112C1E-A965-410B-A86F-B236155A4F21}.Release|Any CPU.ActiveCfg = Release|Any CPU
		{26112C1E-A965-410B-A86F-B236155A4F21}.Release|Any CPU.Build.0 = Release|Any CPU
	EndGlobalSection
	GlobalSection(SolutionProperties) = preSolution
		HideSolutionNode = FALSE
	EndGlobalSection
	GlobalSection(NestedProjects) = preSolution
		{E3713598-3375-4E81-9EC7-58DC090789BD} = {588205D4-3A30-4DA4-849D-C7422C396DAA}
		{BFF10ECC-B02A-4660-A82B-AADFDE0C0EBF} = {0BC0CC4E-A0F1-45E8-B41A-AE0FA76BF3E5}
		{92405E00-759C-4A20-A736-E21E7EF771C2} = {0BC0CC4E-A0F1-45E8-B41A-AE0FA76BF3E5}
		{26112C1E-A965-410B-A86F-B236155A4F21} = {63D44665-AC4C-45F4-A2C7-A7DB394F44C4}
	EndGlobalSection
	GlobalSection(ExtensibilityGlobals) = postSolution
		SolutionGuid = {B3166EDE-037B-4C68-BEBA-5DE9C5E3DB82}
	EndGlobalSection
EndGlobal
